
Microsoft Visual Studio Solution File, Format Version 12.00
# Visual Studio Version 17
VisualStudioVersion = 17.11.35312.102
MinimumVisualStudioVersion = 10.0.40219.1
Project("{FAE04EC0-301F-11D3-BF4B-00C04F79EFBC}") = "RateLimiterDemo", "RateLimiterDemo\RateLimiterDemo.csproj", "{5C9DC643-EE57-47A9-A37B-DA3122C35DCF}"
EndProject
Global
	GlobalSection(SolutionConfigurationPlatforms) = preSolution
		Debug|Any CPU = Debug|Any CPU
		Release|Any CPU = Release|Any CPU
	EndGlobalSection
	GlobalSection(ProjectConfigurationPlatforms) = postSolution
		{5C9DC643-EE57-47A9-A37B-DA3122C35DCF}.Debug|Any CPU.ActiveCfg = Debug|Any CPU
		{5C9DC643-EE57-47A9-A37B-DA3122C35DCF}.Debug|Any CPU.Build.0 = Debug|Any CPU
		{5C9DC643-EE57-47A9-A37B-DA3122C35DCF}.Release|Any CPU.ActiveCfg = Release|Any CPU
		{5C9DC643-EE57-47A9-A37B-DA3122C35DCF}.Release|Any CPU.Build.0 = Release|Any CPU
	EndGlobalSection
	GlobalSection(SolutionProperties) = preSolution
		HideSolutionNode = FALSE
	EndGlobalSection
	GlobalSection(ExtensibilityGlobals) = postSolution
		SolutionGuid = {20703D40-69E8-468F-AD7C-5F89CEC5D6A1}
	EndGlobalSection
EndGlobal
